
Microsoft Visual Studio Solution File, Format Version 12.00
# Visual Studio Version 17
VisualStudioVersion = 17.0.31903.59
MinimumVisualStudioVersion = 10.0.40219.1
Project("{2150E333-8FDC-42A3-9474-1A3956D46DE8}") = "1 - Presentation", "1 - Presentation", "{0CF5740C-708F-4C73-AFC9-7687DE3BF9DD}"
EndProject
Project("{FAE04EC0-301F-11D3-BF4B-00C04F79EFBC}") = "Api", "Api\Api.csproj", "{4E23B4C9-E39D-4792-AAA0-8352F83DFB75}"
EndProject
Global
	GlobalSection(SolutionConfigurationPlatforms) = preSolution
		Debug|Any CPU = Debug|Any CPU
		Release|Any CPU = Release|Any CPU
	EndGlobalSection
	GlobalSection(ProjectConfigurationPlatforms) = postSolution
		{4E23B4C9-E39D-4792-AAA0-8352F83DFB75}.Debug|Any CPU.ActiveCfg = Debug|Any CPU
		{4E23B4C9-E39D-4792-AAA0-8352F83DFB75}.Debug|Any CPU.Build.0 = Debug|Any CPU
		{4E23B4C9-E39D-4792-AAA0-8352F83DFB75}.Release|Any CPU.ActiveCfg = Release|Any CPU
		{4E23B4C9-E39D-4792-AAA0-8352F83DFB75}.Release|Any CPU.Build.0 = Release|Any CPU
	EndGlobalSection
	GlobalSection(SolutionProperties) = preSolution
		HideSolutionNode = FALSE
	EndGlobalSection
	GlobalSection(NestedProjects) = preSolution
		{4E23B4C9-E39D-4792-AAA0-8352F83DFB75} = {0CF5740C-708F-4C73-AFC9-7687DE3BF9DD}
	EndGlobalSection
EndGlobal
